
Microsoft Visual Studio Solution File, Format Version 12.00
# Visual Studio Version 17
VisualStudioVersion = 17.6.33723.286
MinimumVisualStudioVersion = 10.0.40219.1
Project("{FAE04EC0-301F-11D3-BF4B-00C04F79EFBC}") = "ATM management system", "ATM management system\ATM management system.csproj", "{F4FB9B4C-39B5-48AC-858B-7F81172776AF}"
EndProject
Global
	GlobalSection(SolutionConfigurationPlatforms) = preSolution
		Debug|Any CPU = Debug|Any CPU
		Release|Any CPU = Release|Any CPU
	EndGlobalSection
	GlobalSection(ProjectConfigurationPlatforms) = postSolution
		{F4FB9B4C-39B5-48AC-858B-7F81172776AF}.Debug|Any CPU.ActiveCfg = Debug|Any CPU
		{F4FB9B4C-39B5-48AC-858B-7F81172776AF}.Debug|Any CPU.Build.0 = Debug|Any CPU
		{F4FB9B4C-39B5-48AC-858B-7F81172776AF}.Release|Any CPU.ActiveCfg = Release|Any CPU
		{F4FB9B4C-39B5-48AC-858B-7F81172776AF}.Release|Any CPU.Build.0 = Release|Any CPU
	EndGlobalSection
	GlobalSection(SolutionProperties) = preSolution
		HideSolutionNode = FALSE
	EndGlobalSection
	GlobalSection(ExtensibilityGlobals) = postSolution
		SolutionGuid = {ECB5B80A-E9F3-45D0-90E5-5091FBFF6896}
	EndGlobalSection
EndGlobal
